
Microsoft Visual Studio Solution File, Format Version 9.00
# Visual Studio 2005
Project("{8BC9CEB8-8B4A-11D0-8D11-00A0C91BC942}") = "plant", "plant\plant.vcproj", "{68A49AD5-BED2-428D-9A5C-3D48488ED00F}"
EndProject
Global
	GlobalSection(SolutionConfigurationPlatforms) = preSolution
		Debug|Win32 = Debug|Win32
		Release|Win32 = Release|Win32
	EndGlobalSection
	GlobalSection(ProjectConfigurationPlatforms) = postSolution
		{68A49AD5-BED2-428D-9A5C-3D48488ED00F}.Debug|Win32.ActiveCfg = Debug|Win32
		{68A49AD5-BED2-428D-9A5C-3D48488ED00F}.Debug|Win32.Build.0 = Debug|Win32
		{68A49AD5-BED2-428D-9A5C-3D48488ED00F}.Release|Win32.ActiveCfg = Release|Win32
		{68A49AD5-BED2-428D-9A5C-3D48488ED00F}.Release|Win32.Build.0 = Release|Win32
	EndGlobalSection
	GlobalSection(SolutionProperties) = preSolution
		HideSolutionNode = FALSE
	EndGlobalSection
EndGlobal
